
Microsoft Visual Studio Solution File, Format Version 12.00
# Visual Studio 15
Project("{FAE04EC0-301F-11D3-BF4B-00C04F79EFBC}") = "futfavelaUnity.Plugins", "futfavelaUnity.Plugins.csproj", "{BA49E307-6370-7805-8D2E-82835AAED6DF}"
EndProject
Project("{FAE04EC0-301F-11D3-BF4B-00C04F79EFBC}") = "futfavelaUnity", "futfavelaUnity.csproj", "{D60505A9-0A2D-5A7F-43F0-FA383317F5D0}"
EndProject
Project("{FAE04EC0-301F-11D3-BF4B-00C04F79EFBC}") = "futfavelaUnity.Editor.Plugins", "futfavelaUnity.Editor.Plugins.csproj", "{69D82365-E9F1-FA64-7A6E-25E71CAC49AF}"
EndProject
Global
	GlobalSection(SolutionConfigurationPlatforms) = preSolution
		Debug|Any CPU = Debug|Any CPU
		Release|Any CPU = Release|Any CPU
	EndGlobalSection
	GlobalSection(ProjectConfigurationPlatforms) = postSolution
		{BA49E307-6370-7805-8D2E-82835AAED6DF}.Debug|Any CPU.ActiveCfg = Debug|Any CPU
		{BA49E307-6370-7805-8D2E-82835AAED6DF}.Debug|Any CPU.Build.0 = Debug|Any CPU
		{BA49E307-6370-7805-8D2E-82835AAED6DF}.Release|Any CPU.ActiveCfg = Release|Any CPU
		{BA49E307-6370-7805-8D2E-82835AAED6DF}.Release|Any CPU.Build.0 = Release|Any CPU
		{D60505A9-0A2D-5A7F-43F0-FA383317F5D0}.Debug|Any CPU.ActiveCfg = Debug|Any CPU
		{D60505A9-0A2D-5A7F-43F0-FA383317F5D0}.Debug|Any CPU.Build.0 = Debug|Any CPU
		{D60505A9-0A2D-5A7F-43F0-FA383317F5D0}.Release|Any CPU.ActiveCfg = Release|Any CPU
		{D60505A9-0A2D-5A7F-43F0-FA383317F5D0}.Release|Any CPU.Build.0 = Release|Any CPU
		{69D82365-E9F1-FA64-7A6E-25E71CAC49AF}.Debug|Any CPU.ActiveCfg = Debug|Any CPU
		{69D82365-E9F1-FA64-7A6E-25E71CAC49AF}.Debug|Any CPU.Build.0 = Debug|Any CPU
		{69D82365-E9F1-FA64-7A6E-25E71CAC49AF}.Release|Any CPU.ActiveCfg = Release|Any CPU
		{69D82365-E9F1-FA64-7A6E-25E71CAC49AF}.Release|Any CPU.Build.0 = Release|Any CPU
	EndGlobalSection
	GlobalSection(SolutionProperties) = preSolution
		HideSolutionNode = FALSE
	EndGlobalSection
EndGlobal
